
Microsoft Visual Studio Solution File, Format Version 12.00
# Visual Studio 15
VisualStudioVersion = 15.0.28307.438
MinimumVisualStudioVersion = 10.0.40219.1
Project("{FAE04EC0-301F-11D3-BF4B-00C04F79EFBC}") = "Lab1", "Lab1\Lab1.csproj", "{BB898C03-7DA8-4897-A120-0CC30757C81F}"
EndProject
Global
	GlobalSection(SolutionConfigurationPlatforms) = preSolution
		Debug|Any CPU = Debug|Any CPU
		Release|Any CPU = Release|Any CPU
	EndGlobalSection
	GlobalSection(ProjectConfigurationPlatforms) = postSolution
		{BB898C03-7DA8-4897-A120-0CC30757C81F}.Debug|Any CPU.ActiveCfg = Debug|Any CPU
		{BB898C03-7DA8-4897-A120-0CC30757C81F}.Debug|Any CPU.Build.0 = Debug|Any CPU
		{BB898C03-7DA8-4897-A120-0CC30757C81F}.Release|Any CPU.ActiveCfg = Release|Any CPU
		{BB898C03-7DA8-4897-A120-0CC30757C81F}.Release|Any CPU.Build.0 = Release|Any CPU
	EndGlobalSection
	GlobalSection(SolutionProperties) = preSolution
		HideSolutionNode = FALSE
	EndGlobalSection
	GlobalSection(ExtensibilityGlobals) = postSolution
		SolutionGuid = {B164FE66-EC3F-412C-8232-80891946369E}
	EndGlobalSection
EndGlobal
